
Microsoft Visual Studio Solution File, Format Version 12.00
# Visual Studio Version 16
VisualStudioVersion = 16.0.32413.511
MinimumVisualStudioVersion = 10.0.40219.1
Project("{FAE04EC0-301F-11D3-BF4B-00C04F79EFBC}") = "ConsoleUI", "ConsoleUI\ConsoleUI.csproj", "{1D80EDDB-DAB1-4605-9147-C502F05AFA2F}"
EndProject
Project("{FAE04EC0-301F-11D3-BF4B-00C04F79EFBC}") = "PlayerLibrary", "PlayerLibrary\PlayerLibrary.csproj", "{B3BE4137-93F0-4BCA-96BD-318B25396F13}"
EndProject
Global
	GlobalSection(SolutionConfigurationPlatforms) = preSolution
		Debug|Any CPU = Debug|Any CPU
		Release|Any CPU = Release|Any CPU
	EndGlobalSection
	GlobalSection(ProjectConfigurationPlatforms) = postSolution
		{1D80EDDB-DAB1-4605-9147-C502F05AFA2F}.Debug|Any CPU.ActiveCfg = Debug|Any CPU
		{1D80EDDB-DAB1-4605-9147-C502F05AFA2F}.Debug|Any CPU.Build.0 = Debug|Any CPU
		{1D80EDDB-DAB1-4605-9147-C502F05AFA2F}.Release|Any CPU.ActiveCfg = Release|Any CPU
		{1D80EDDB-DAB1-4605-9147-C502F05AFA2F}.Release|Any CPU.Build.0 = Release|Any CPU
		{B3BE4137-93F0-4BCA-96BD-318B25396F13}.Debug|Any CPU.ActiveCfg = Debug|Any CPU
		{B3BE4137-93F0-4BCA-96BD-318B25396F13}.Debug|Any CPU.Build.0 = Debug|Any CPU
		{B3BE4137-93F0-4BCA-96BD-318B25396F13}.Release|Any CPU.ActiveCfg = Release|Any CPU
		{B3BE4137-93F0-4BCA-96BD-318B25396F13}.Release|Any CPU.Build.0 = Release|Any CPU
	EndGlobalSection
	GlobalSection(SolutionProperties) = preSolution
		HideSolutionNode = FALSE
	EndGlobalSection
	GlobalSection(ExtensibilityGlobals) = postSolution
		SolutionGuid = {E54A27E1-23C2-44EE-9904-E3612FDABDE3}
	EndGlobalSection
EndGlobal
